
Microsoft Visual Studio Solution File, Format Version 12.00
# Visual Studio Version 16
VisualStudioVersion = 16.0.31112.23
MinimumVisualStudioVersion = 10.0.40219.1
Project("{FAE04EC0-301F-11D3-BF4B-00C04F79EFBC}") = "WebLab5", "WebLab5\WebLab5.csproj", "{570FE152-6E39-4A9A-B155-F6375BC9EF2A}"
EndProject
Global
	GlobalSection(SolutionConfigurationPlatforms) = preSolution
		Debug|Any CPU = Debug|Any CPU
		Release|Any CPU = Release|Any CPU
	EndGlobalSection
	GlobalSection(ProjectConfigurationPlatforms) = postSolution
		{570FE152-6E39-4A9A-B155-F6375BC9EF2A}.Debug|Any CPU.ActiveCfg = Debug|Any CPU
		{570FE152-6E39-4A9A-B155-F6375BC9EF2A}.Debug|Any CPU.Build.0 = Debug|Any CPU
		{570FE152-6E39-4A9A-B155-F6375BC9EF2A}.Release|Any CPU.ActiveCfg = Release|Any CPU
		{570FE152-6E39-4A9A-B155-F6375BC9EF2A}.Release|Any CPU.Build.0 = Release|Any CPU
	EndGlobalSection
	GlobalSection(SolutionProperties) = preSolution
		HideSolutionNode = FALSE
	EndGlobalSection
	GlobalSection(ExtensibilityGlobals) = postSolution
		SolutionGuid = {2C0687B2-87E9-4987-BC56-8F79C20BF6E3}
	EndGlobalSection
EndGlobal
