
Microsoft Visual Studio Solution File, Format Version 12.00
# Visual Studio Version 16
VisualStudioVersion = 16.0.30413.136
MinimumVisualStudioVersion = 10.0.40219.1
Project("{9092AA53-FB77-4645-B42D-1CCCA6BD08BD}") = "NodejsConsoleApp2", "NodejsConsoleApp2\NodejsConsoleApp2.njsproj", "{697AA1F0-6EFD-4EF1-BCF2-BBE1AA22657F}"
EndProject
Global
	GlobalSection(SolutionConfigurationPlatforms) = preSolution
		Debug|Any CPU = Debug|Any CPU
		Release|Any CPU = Release|Any CPU
	EndGlobalSection
	GlobalSection(ProjectConfigurationPlatforms) = postSolution
		{697AA1F0-6EFD-4EF1-BCF2-BBE1AA22657F}.Debug|Any CPU.ActiveCfg = Debug|Any CPU
		{697AA1F0-6EFD-4EF1-BCF2-BBE1AA22657F}.Debug|Any CPU.Build.0 = Debug|Any CPU
		{697AA1F0-6EFD-4EF1-BCF2-BBE1AA22657F}.Release|Any CPU.ActiveCfg = Release|Any CPU
		{697AA1F0-6EFD-4EF1-BCF2-BBE1AA22657F}.Release|Any CPU.Build.0 = Release|Any CPU
	EndGlobalSection
	GlobalSection(SolutionProperties) = preSolution
		HideSolutionNode = FALSE
	EndGlobalSection
	GlobalSection(ExtensibilityGlobals) = postSolution
		SolutionGuid = {546D7A44-05AF-4CB3-AB3B-2635B3D46A91}
	EndGlobalSection
EndGlobal
