
Microsoft Visual Studio Solution File, Format Version 12.00
# Visual Studio Version 16
VisualStudioVersion = 16.0.30413.136
MinimumVisualStudioVersion = 10.0.40219.1
Project("{9092AA53-FB77-4645-B42D-1CCCA6BD08BD}") = "lab2web", "lab2web\lab2web.njsproj", "{27C1498B-E2E9-4A09-B0B5-53AC384E4E50}"
EndProject
Global
	GlobalSection(SolutionConfigurationPlatforms) = preSolution
		Debug|Any CPU = Debug|Any CPU
		Release|Any CPU = Release|Any CPU
	EndGlobalSection
	GlobalSection(ProjectConfigurationPlatforms) = postSolution
		{27C1498B-E2E9-4A09-B0B5-53AC384E4E50}.Debug|Any CPU.ActiveCfg = Debug|Any CPU
		{27C1498B-E2E9-4A09-B0B5-53AC384E4E50}.Debug|Any CPU.Build.0 = Debug|Any CPU
		{27C1498B-E2E9-4A09-B0B5-53AC384E4E50}.Release|Any CPU.ActiveCfg = Release|Any CPU
		{27C1498B-E2E9-4A09-B0B5-53AC384E4E50}.Release|Any CPU.Build.0 = Release|Any CPU
	EndGlobalSection
	GlobalSection(SolutionProperties) = preSolution
		HideSolutionNode = FALSE
	EndGlobalSection
	GlobalSection(ExtensibilityGlobals) = postSolution
		SolutionGuid = {2A97F1F9-BC0F-4456-ABB8-330EEA1A2BA2}
	EndGlobalSection
EndGlobal
